Microsoft Visual Studio Solution File, Format Version 12.00
# Visual Studio Version 17
VisualStudioVersion = 17.5.2.0
MinimumVisualStudioVersion = 10.0.40219.1
Project("{FAE04EC0-301F-11D3-BF4B-00C04F79EFBC}") = "WebAPI_EduardoAvila", "WebAPI_EduardoAvila\WebAPI_EduardoAvila.csproj", "{2782DE2A-A2D9-99EA-AA85-65D1954F0E7D}"
EndProject
Global
	GlobalSection(SolutionConfigurationPlatforms) = preSolution
		Debug|Any CPU = Debug|Any CPU
		Release|Any CPU = Release|Any CPU
	EndGlobalSection
	GlobalSection(ProjectConfigurationPlatforms) = postSolution
		{2782DE2A-A2D9-99EA-AA85-65D1954F0E7D}.Debug|Any CPU.ActiveCfg = Debug|Any CPU
		{2782DE2A-A2D9-99EA-AA85-65D1954F0E7D}.Debug|Any CPU.Build.0 = Debug|Any CPU
		{2782DE2A-A2D9-99EA-AA85-65D1954F0E7D}.Release|Any CPU.ActiveCfg = Release|Any CPU
		{2782DE2A-A2D9-99EA-AA85-65D1954F0E7D}.Release|Any CPU.Build.0 = Release|Any CPU
	EndGlobalSection
	GlobalSection(SolutionProperties) = preSolution
		HideSolutionNode = FALSE
	EndGlobalSection
	GlobalSection(ExtensibilityGlobals) = postSolution
		SolutionGuid = {7E66EA7C-0A84-460B-8196-376BA2C0D442}
	EndGlobalSection
EndGlobal
